<?xml version="1.0" encoding="utf-8"?>
<Project ToolsVersion="4.0" xmlns="http://schemas.microsoft.com/developer/msbuild/2003">
  <ItemGroup>
    <Filter Include="Source Files">
      <UniqueIdentifier>{4FC737F1-C7A5-4376-A066-2A32D752A2FF}</UniqueIdentifier>
      <Extensions>cpp;c;cc;cxx;def;odl;idl;hpj;bat;asm;asmx</Extensions>
    </Filter>
    <Filter Include="Header Files">
      <UniqueIdentifier>{93995380-89BD-4b04-88EB-625FBE52EBFB}</UniqueIdentifier>
      <Extensions>h;hpp;hxx;hm;inl;inc;xsd</Extensions>
    </Filter>
    <Filter Include="Resource Files">
      <UniqueIdentifier>{67DA6AB6-F800-4c08-8B7A-83BB121AAD01}</UniqueIdentifier>
      <Extensions>rc;ico;cur;bmp;dlg;rc2;rct;bin;rgs;gif;jpg;jpeg;jpe;resx;tiff;tif;png;wav;mfcribbon-ms</Extensions>
    </Filter>
    <Filter Include="Header Files\Pieces">
      <UniqueIdentifier>{d6711e6d-d85a-4073-84e9-00738cb2b489}</UniqueIdentifier>
    </Filter>
    <Filter Include="Source Files\Pieces">
      <UniqueIdentifier>{3b9e813b-03eb-4cd4-afce-3e017624dcd4}</UniqueIdentifier>
    </Filter>
  </ItemGroup>
  <ItemGroup>
    <ClCompile Include="Main.cpp">
      <Filter>Source Files</Filter>
    </ClCompile>
    <ClCompile Include="Render.cpp">
      <Filter>Source Files</Filter>
    </ClCompile>
    <ClCompile Include="Playboard.cpp">
      <Filter>Source Files</Filter>
    </ClCompile>
    <ClCompile Include="GameHandler.cpp">
      <Filter>Source Files</Filter>
    </ClCompile>
    <ClCompile Include="LoopTimer.cpp">
      <Filter>Source Files</Filter>
    </ClCompile>
    <ClCompile Include="Round.cpp">
      <Filter>Source Files</Filter>
    </ClCompile>
    <ClCompile Include="Piece.cpp">
      <Filter>Source Files</Filter>
    </ClCompile>
    <ClCompile Include="InputManagerSDL.cpp">
      <Filter>Source Files</Filter>
    </ClCompile>
    <ClCompile Include="PieceFactory.cpp">
      <Filter>Source Files</Filter>
    </ClCompile>
    <ClCompile Include="BoxPiece.cpp">
      <Filter>Source Files\Pieces</Filter>
    </ClCompile>
  </ItemGroup>
  <ItemGroup>
    <ClInclude Include="GameHandler.h">
      <Filter>Header Files</Filter>
    </ClInclude>
    <ClInclude Include="Render.h">
      <Filter>Header Files</Filter>
    </ClInclude>
    <ClInclude Include="Playboard.h">
      <Filter>Header Files</Filter>
    </ClInclude>
    <ClInclude Include="Round.h">
      <Filter>Header Files</Filter>
    </ClInclude>
    <ClInclude Include="Piece.h">
      <Filter>Header Files</Filter>
    </ClInclude>
    <ClInclude Include="TileColor.h">
      <Filter>Header Files</Filter>
    </ClInclude>
    <ClInclude Include="PromptType.h">
      <Filter>Header Files</Filter>
    </ClInclude>
    <ClInclude Include="GraphicsInitEx.h">
      <Filter>Header Files</Filter>
    </ClInclude>
    <ClInclude Include="NithrisConstants.h">
      <Filter>Header Files</Filter>
    </ClInclude>
    <ClInclude Include="LoopTimer.h">
      <Filter>Header Files</Filter>
    </ClInclude>
    <ClInclude Include="Position.h">
      <Filter>Header Files</Filter>
    </ClInclude>
    <ClInclude Include="InputManagerSDL.h">
      <Filter>Header Files</Filter>
    </ClInclude>
    <ClInclude Include="PieceFactory.h">
      <Filter>Header Files</Filter>
    </ClInclude>
    <ClInclude Include="BoxPiece.h">
      <Filter>Header Files\Pieces</Filter>
    </ClInclude>
  </ItemGroup>
</Project>